// !$*UTF8*$!
{
	archiveVersion = 1;
	classes = {
	};
	objectVersion = 46;
	objects = {

/* Begin PBXBuildFile section */
		DE0AB5961F67F38D0002F058 /* AppDelegate.swift in Sources */ = {isa = PBXBuildFile; fileRef = DE0AB5951F67F38D0002F058 /* AppDelegate.swift */; };
		DE0AB5981F67F38D0002F058 /* MainVC.swift in Sources */ = {isa = PBXBuildFile; fileRef = DE0AB5971F67F38D0002F058 /* MainVC.swift */; };
		DE0AB59B1F67F38D0002F058 /* Main.storyboard in Resources */ = {isa = PBXBuildFile; fileRef = DE0AB5991F67F38D0002F058 /* Main.storyboard */; };
		DE0AB59D1F67F38D0002F058 /* Assets.xcassets in Resources */ = {isa = PBXBuildFile; fileRef = DE0AB59C1F67F38D0002F058 /* Assets.xcassets */; };
		DE0AB5A01F67F38D0002F058 /* LaunchScreen.storyboard in Resources */ = {isa = PBXBuildFile; fileRef = DE0AB59E1F67F38D0002F058 /* LaunchScreen.storyboard */; };
		DE8D183F1F6DFBC400B14294 /* Just tell me what regular (Version 2).otf in Resources */ = {isa = PBXBuildFile; fileRef = DE8D183E1F6DFBC400B14294 /* Just tell me what regular (Version 2).otf */; };
		DE8D18421F6DFE7B00B14294 /* VideoVC.swift in Sources */ = {isa = PBXBuildFile; fileRef = DE8D18411F6DFE7B00B14294 /* VideoVC.swift */; };
		DEFF5B2D1F6F77E20049EC18 /* PartyCell.swift in Sources */ = {isa = PBXBuildFile; fileRef = DEFF5B2C1F6F77E20049EC18 /* PartyCell.swift */; };
		DEFF5B2F1F6F7A5D0049EC18 /* PartyRock.swift in Sources */ = {isa = PBXBuildFile; fileRef = DEFF5B2E1F6F7A5D0049EC18 /* PartyRock.swift */; };
/* End PBXBuildFile section */

/* Begin PBXFileReference section */
		DE0AB5921F67F38D0002F058 /* PartyrockMansion.app */ = {isa = PBXFileReference; explicitFileType = wrapper.application; includeInIndex = 0; path = PartyrockMansion.app; sourceTree = BUILT_PRODUCTS_DIR; };
		DE0AB5951F67F38D0002F058 /* AppDelegate.swift */ = {isa = PBXFileReference; lastKnownFileType = sourcecode.swift; path = AppDelegate.swift; sourceTree = "<group>"; };
		DE0AB5971F67F38D0002F058 /* MainVC.swift */ = {isa = PBXFileReference; lastKnownFileType = sourcecode.swift; path = MainVC.swift; sourceTree = "<group>"; };
		DE0AB59A1F67F38D0002F058 /* Base */ = {isa = PBXFileReference; lastKnownFileType = file.storyboard; name = Base; path = Base.lproj/Main.storyboard; sourceTree = "<group>"; };
		DE0AB59C1F67F38D0002F058 /* Assets.xcassets */ = {isa = PBXFileReference; lastKnownFileType = folder.assetcatalog; path = Assets.xcassets; sourceTree = "<group>"; };
		DE0AB59F1F67F38D0002F058 /* Base */ = {isa = PBXFileReference; lastKnownFileType = file.storyboard; name = Base; path = Base.lproj/LaunchScreen.storyboard; sourceTree = "<group>"; };
		DE0AB5A11F67F38D0002F058 /* Info.plist */ = {isa = PBXFileReference; lastKnownFileType = text.plist.xml; path = Info.plist; sourceTree = "<group>"; };
		DE8D183E1F6DFBC400B14294 /* Just tell me what regular (Version 2).otf */ = {isa = PBXFileReference; lastKnownFileType = file; path = "Just tell me what regular (Version 2).otf"; sourceTree = "<group>"; };
		DE8D18411F6DFE7B00B14294 /* VideoVC.swift */ = {isa = PBXFileReference; fileEncoding = 4; lastKnownFileType = sourcecode.swift; path = VideoVC.swift; sourceTree = "<group>"; };
		DEFF5B2C1F6F77E20049EC18 /* PartyCell.swift */ = {isa = PBXFileReference; fileEncoding = 4; lastKnownFileType = sourcecode.swift; path = PartyCell.swift; sourceTree = "<group>"; };
		DEFF5B2E1F6F7A5D0049EC18 /* PartyRock.swift */ = {isa = PBXFileReference; fileEncoding = 4; lastKnownFileType = sourcecode.swift; path = PartyRock.swift; sourceTree = "<group>"; };
/* End PBXFileReference section */

/* Begin PBXFrameworksBuildPhase section */
		DE0AB58F1F67F38D0002F058 /* Frameworks */ = {
			isa = PBXFrameworksBuildPhase;
			buildActionMask = 2147483647;
			files = (
			);
			runOnlyForDeploymentPostprocessing = 0;
		};
/* End PBXFrameworksBuildPhase section */

/* Begin PBXGroup section */
		DE0AB5891F67F38C0002F058 = {
			isa = PBXGroup;
			children = (
				DE0AB5941F67F38D0002F058 /* PartyrockMansion */,
				DE0AB5931F67F38D0002F058 /* Products */,
			);
			sourceTree = "<group>";
		};
		DE0AB5931F67F38D0002F058 /* Products */ = {
			isa = PBXGroup;
			children = (
				DE0AB5921F67F38D0002F058 /* PartyrockMansion.app */,
			);
			name = Products;
			sourceTree = "<group>";
		};
		DE0AB5941F67F38D0002F058 /* PartyrockMansion */ = {
			isa = PBXGroup;
			children = (
				DE8D18401F6DFBD900B14294 /* Files */,
				DE8D183D1F6DEE4600B14294 /* Model */,
				DE8D183C1F6DEE3300B14294 /* View */,
				DE8D183B1F6DEDC300B14294 /* Controller */,
				DE0AB5951F67F38D0002F058 /* AppDelegate.swift */,
				DE0AB5991F67F38D0002F058 /* Main.storyboard */,
				DE0AB59E1F67F38D0002F058 /* LaunchScreen.storyboard */,
				DE0AB59C1F67F38D0002F058 /* Assets.xcassets */,
				DE0AB5A11F67F38D0002F058 /* Info.plist */,
			);
			path = PartyrockMansion;
			sourceTree = "<group>";
		};
		DE8D183B1F6DEDC300B14294 /* Controller */ = {
			isa = PBXGroup;
			children = (
				DE0AB5971F67F38D0002F058 /* MainVC.swift */,
				DE8D18411F6DFE7B00B14294 /* VideoVC.swift */,
			);
			name = Controller;
			sourceTree = "<group>";
		};
		DE8D183C1F6DEE3300B14294 /* View */ = {
			isa = PBXGroup;
			children = (
				DEFF5B2C1F6F77E20049EC18 /* PartyCell.swift */,
			);
			name = View;
			sourceTree = "<group>";
		};
		DE8D183D1F6DEE4600B14294 /* Model */ = {
			isa = PBXGroup;
			children = (
				DEFF5B2E1F6F7A5D0049EC18 /* PartyRock.swift */,
			);
			name = Model;
			sourceTree = "<group>";
		};
		DE8D18401F6DFBD900B14294 /* Files */ = {
			isa = PBXGroup;
			children = (
				DE8D183E1F6DFBC400B14294 /* Just tell me what regular (Version 2).otf */,
			);
			name = Files;
			sourceTree = "<group>";
		};
/* End PBXGroup section */

/* Begin PBXNativeTarget section */
		DE0AB5911F67F38D0002F058 /* PartyrockMansion */ = {
			isa = PBXNativeTarget;
			buildConfigurationList = DE0AB5A41F67F38D0002F058 /* Build configuration list for PBXNativeTarget "PartyrockMansion" */;
			buildPhases = (
				DE0AB58E1F67F38D0002F058 /* Sources */,
				DE0AB58F1F67F38D0002F058 /* Frameworks */,
				DE0AB5901F67F38D0002F058 /* Resources */,
			);
			buildRules = (
			);
			dependencies = (
			);
			name = PartyrockMansion;
			productName = PartyrockMansion;
			productReference = DE0AB5921F67F38D0002F058 /* PartyrockMansion.app */;
			productType = "com.apple.product-type.application";
		};
/* End PBXNativeTarget section */

/* Begin PBXProject section */
		DE0AB58A1F67F38C0002F058 /* Project object */ = {
			isa = PBXProject;
			attributes = {
				LastSwiftUpdateCheck = 0730;
				LastUpgradeCheck = 0730;
				ORGANIZATIONNAME = JanielHNY;
				TargetAttributes = {
					DE0AB5911F67F38D0002F058 = {
						CreatedOnToolsVersion = 7.3;
					};
				};
			};
			buildConfigurationList = DE0AB58D1F67F38C0002F058 /* Build configuration list for PBXProject "PartyrockMansion" */;
			compatibilityVersion = "Xcode 3.2";
			developmentRegion = English;
			hasScannedForEncodings = 0;
			knownRegions = (
				en,
				Base,
			);
			mainGroup = DE0AB5891F67F38C0002F058;
			productRefGroup = DE0AB5931F67F38D0002F058 /* Products */;
			projectDirPath = "";
			projectRoot = "";
			targets = (
				DE0AB5911F67F38D0002F058 /* PartyrockMansion */,
			);
		};
/* End PBXProject section */

/* Begin PBXResourcesBuildPhase section */
		DE0AB5901F67F38D0002F058 /* Resources */ = {
			isa = PBXResourcesBuildPhase;
			buildActionMask = 2147483647;
			files = (
				DE8D183F1F6DFBC400B14294 /* Just tell me what regular (Version 2).otf in Resources */,
				DE0AB5A01F67F38D0002F058 /* LaunchScreen.storyboard in Resources */,
				DE0AB59D1F67F38D0002F058 /* Assets.xcassets in Resources */,
				DE0AB59B1F67F38D0002F058 /* Main.storyboard in Resources */,
			);
			runOnlyForDeploymentPostprocessing = 0;
		};
/* End PBXResourcesBuildPhase section */

/* Begin PBXSourcesBuildPhase section */
		DE0AB58E1F67F38D0002F058 /* Sources */ = {
			isa = PBXSourcesBuildPhase;
			buildActionMask = 2147483647;
			files = (
				DE8D18421F6DFE7B00B14294 /* VideoVC.swift in Sources */,
				DE0AB5981F67F38D0002F058 /* MainVC.swift in Sources */,
				DEFF5B2F1F6F7A5D0049EC18 /* PartyRock.swift in Sources */,
				DEFF5B2D1F6F77E20049EC18 /* PartyCell.swift in Sources */,
				DE0AB5961F67F38D0002F058 /* AppDelegate.swift in Sources */,
			);
			runOnlyForDeploymentPostprocessing = 0;
		};
/* End PBXSourcesBuildPhase section */

/* Begin PBXVariantGroup section */
		DE0AB5991F67F38D0002F058 /* Main.storyboard */ = {
			isa = PBXVariantGroup;
			children = (
				DE0AB59A1F67F38D0002F058 /* Base */,
			);
			name = Main.storyboard;
			sourceTree = "<group>";
		};
		DE0AB59E1F67F38D0002F058 /* LaunchScreen.storyboard */ = {
			isa = PBXVariantGroup;
			children = (
				DE0AB59F1F67F38D0002F058 /* Base */,
			);
			name = LaunchScreen.storyboard;
			sourceTree = "<group>";
		};
/* End PBXVariantGroup section */

/* Begin XCBuildConfiguration section */
		DE0AB5A21F67F38D0002F058 /* Debug */ = {
			isa = XCBuildConfiguration;
			buildSettings = {
				ALWAYS_SEARCH_USER_PATHS = NO;
				CLANG_ANALYZER_NONNULL = YES;
				CLANG_CXX_LANGUAGE_STANDARD = "gnu++0x";
				CLANG_CXX_LIBRARY = "libc++";
				CLANG_ENABLE_MODULES = YES;
				CLANG_ENABLE_OBJC_ARC = YES;
				CLANG_WARN_BOOL_CONVERSION = YES;
				CLANG_WARN_CONSTANT_CONVERSION = YES;
				CLANG_WARN_DIRECT_OBJC_ISA_USAGE = YES_ERROR;
				CLANG_WARN_EMPTY_BODY = YES;
				CLANG_WARN_ENUM_CONVERSION = YES;
				CLANG_WARN_INT_CONVERSION = YES;
				CLANG_WARN_OBJC_ROOT_CLASS = YES_ERROR;
				CLANG_WARN_UNREACHABLE_CODE = YES;
				CLANG_WARN__DUPLICATE_METHOD_MATCH = YES;
				"CODE_SIGN_IDENTITY[sdk=iphoneos*]" = "iPhone Developer";
				COPY_PHASE_STRIP = NO;
				DEBUG_INFORMATION_FORMAT = dwarf;
				ENABLE_STRICT_OBJC_MSGSEND = YES;
				ENABLE_TESTABILITY = YES;
				GCC_C_LANGUAGE_STANDARD = gnu99;
				GCC_DYNAMIC_NO_PIC = NO;
				GCC_NO_COMMON_BLOCKS = YES;
				GCC_OPTIMIZATION_LEVEL = 0;
				GCC_PREPROCESSOR_DEFINITIONS = (
					"DEBUG=1",
					"$(inherited)",
				);
				GCC_WARN_64_TO_32_BIT_CONVERSION = YES;
				GCC_WARN_ABOUT_RETURN_TYPE = YES_ERROR;
				GCC_WARN_UNDECLARED_SELECTOR = YES;
				GCC_WARN_UNINITIALIZED_AUTOS = YES_AGGRESSIVE;
				GCC_WARN_UNUSED_FUNCTION = YES;
				GCC_WARN_UNUSED_VARIABLE = YES;
				IPHONEOS_DEPLOYMENT_TARGET = 9.3;
				MTL_ENABLE_DEBUG_INFO = YES;
				ONLY_ACTIVE_ARCH = YES;
				SDKROOT = iphoneos;
				SWIFT_OPTIMIZATION_LEVEL = "-Onone";
				TARGETED_DEVICE_FAMILY = "1,2";
			};
			name = Debug;
		};
		DE0AB5A31F67F38D0002F058 /* Release */ = {
			isa = XCBuildConfiguration;
			buildSettings = {
				ALWAYS_SEARCH_USER_PATHS = NO;
				CLANG_ANALYZER_NONNULL = YES;
				CLANG_CXX_LANGUAGE_STANDARD = "gnu++0x";
				CLANG_CXX_LIBRARY = "libc++";
				CLANG_ENABLE_MODULES = YES;
				CLANG_ENABLE_OBJC_ARC = YES;
				CLANG_WARN_BOOL_CONVERSION = YES;
				CLANG_WARN_CONSTANT_CONVERSION = YES;
				CLANG_WARN_DIRECT_OBJC_ISA_USAGE = YES_ERROR;
				CLANG_WARN_EMPTY_BODY = YES;
				CLANG_WARN_ENUM_CONVERSION = YES;
				CLANG_WARN_INT_CONVERSION = YES;
				CLANG_WARN_OBJC_ROOT_CLASS = YES_ERROR;
				CLANG_WARN_UNREACHABLE_CODE = YES;
				CLANG_WARN__DUPLICATE_METHOD_MATCH = YES;
				"CODE_SIGN_IDENTITY[sdk=iphoneos*]" = "iPhone Developer";
				COPY_PHASE_STRIP = NO;
				DEBUG_INFORMATION_FORMAT = "dwarf-with-dsym";
				ENABLE_NS_ASSERTIONS = NO;
				ENABLE_STRICT_OBJC_MSGSEND = YES;
				GCC_C_LANGUAGE_STANDARD = gnu99;
				GCC_NO_COMMON_BLOCKS = YES;
				GCC_WARN_64_TO_32_BIT_CONVERSION = YES;
				GCC_WARN_ABOUT_RETURN_TYPE = YES_ERROR;
				GCC_WARN_UNDECLARED_SELECTOR = YES;
				GCC_WARN_UNINITIALIZED_AUTOS = YES_AGGRESSIVE;
				GCC_WARN_UNUSED_FUNCTION = YES;
				GCC_WARN_UNUSED_VARIABLE = YES;
				IPHONEOS_DEPLOYMENT_TARGET = 9.3;
				MTL_ENABLE_DEBUG_INFO = NO;
				SDKROOT = iphoneos;
				TARGETED_DEVICE_FAMILY = "1,2";
				VALIDATE_PRODUCT = YES;
			};
			name = Release;
		};
		DE0AB5A51F67F38D0002F058 /* Debug */ = {
			isa = XCBuildConfiguration;
			buildSettings = {
				ASSETCATALOG_COMPILER_APPICON_NAME = AppIcon;
				INFOPLIST_FILE = PartyrockMansion/Info.plist;
				LD_RUNPATH_SEARCH_PATHS = "$(inherited) @executable_path/Frameworks";
				PRODUCT_BUNDLE_IDENTIFIER = com.janielh.PartyrockMansion;
				PRODUCT_NAME = "$(TARGET_NAME)";
			};
			name = Debug;
		};
		DE0AB5A61F67F38D0002F058 /* Release */ = {
			isa = XCBuildConfiguration;
			buildSettings = {
				ASSETCATALOG_COMPILER_APPICON_NAME = AppIcon;
				INFOPLIST_FILE = PartyrockMansion/Info.plist;
				LD_RUNPATH_SEARCH_PATHS = "$(inherited) @executable_path/Frameworks";
				PRODUCT_BUNDLE_IDENTIFIER = com.janielh.PartyrockMansion;
				PRODUCT_NAME = "$(TARGET_NAME)";
			};
			name = Release;
		};
/* End XCBuildConfiguration section */

/* Begin XCConfigurationList section */
		DE0AB58D1F67F38C0002F058 /* Build configuration list for PBXProject "PartyrockMansion" */ = {
			isa = XCConfigurationList;
			buildConfigurations = (
				DE0AB5A21F67F38D0002F058 /* Debug */,
				DE0AB5A31F67F38D0002F058 /* Release */,
			);
			defaultConfigurationIsVisible = 0;
			defaultConfigurationName = Release;
		};
		DE0AB5A41F67F38D0002F058 /* Build configuration list for PBXNativeTarget "PartyrockMansion" */ = {
			isa = XCConfigurationList;
			buildConfigurations = (
				DE0AB5A51F67F38D0002F058 /* Debug */,
				DE0AB5A61F67F38D0002F058 /* Release */,
			);
			defaultConfigurationIsVisible = 0;
			defaultConfigurationName = Release;
		};
/* End XCConfigurationList section */
	};
	rootObject = DE0AB58A1F67F38C0002F058 /* Project object */;
}
